
Microsoft Visual Studio Solution File, Format Version 12.00
# Visual Studio Version 17
VisualStudioVersion = 17.10.35122.118
MinimumVisualStudioVersion = 10.0.40219.1
Project("{FAE04EC0-301F-11D3-BF4B-00C04F79EFBC}") = "UserApi", "UserApi\UserApi.csproj", "{446B4842-88A4-4F1A-AD40-4FC023C9A2A6}"
EndProject
Global
	GlobalSection(SolutionConfigurationPlatforms) = preSolution
		Debug|Any CPU = Debug|Any CPU
		Release|Any CPU = Release|Any CPU
	EndGlobalSection
	GlobalSection(ProjectConfigurationPlatforms) = postSolution
		{446B4842-88A4-4F1A-AD40-4FC023C9A2A6}.Debug|Any CPU.ActiveCfg = Debug|Any CPU
		{446B4842-88A4-4F1A-AD40-4FC023C9A2A6}.Debug|Any CPU.Build.0 = Debug|Any CPU
		{446B4842-88A4-4F1A-AD40-4FC023C9A2A6}.Release|Any CPU.ActiveCfg = Release|Any CPU
		{446B4842-88A4-4F1A-AD40-4FC023C9A2A6}.Release|Any CPU.Build.0 = Release|Any CPU
	EndGlobalSection
	GlobalSection(SolutionProperties) = preSolution
		HideSolutionNode = FALSE
	EndGlobalSection
	GlobalSection(ExtensibilityGlobals) = postSolution
		SolutionGuid = {A9903B76-92FD-4D07-A164-2EDFB67A0371}
	EndGlobalSection
EndGlobal
